
Microsoft Visual Studio Solution File, Format Version 12.00
# Visual Studio Version 17
VisualStudioVersion = 17.5.33530.505
MinimumVisualStudioVersion = 10.0.40219.1
Project("{FAE04EC0-301F-11D3-BF4B-00C04F79EFBC}") = "ChallengeApp", "ChallengeApp\ChallengeApp.csproj", "{3B2F55DB-F7D4-43D5-A58F-F5AD4BC85B55}"
EndProject
Global
	GlobalSection(SolutionConfigurationPlatforms) = preSolution
		Debug|Any CPU = Debug|Any CPU
		Release|Any CPU = Release|Any CPU
	EndGlobalSection
	GlobalSection(ProjectConfigurationPlatforms) = postSolution
		{3B2F55DB-F7D4-43D5-A58F-F5AD4BC85B55}.Debug|Any CPU.ActiveCfg = Debug|Any CPU
		{3B2F55DB-F7D4-43D5-A58F-F5AD4BC85B55}.Debug|Any CPU.Build.0 = Debug|Any CPU
		{3B2F55DB-F7D4-43D5-A58F-F5AD4BC85B55}.Release|Any CPU.ActiveCfg = Release|Any CPU
		{3B2F55DB-F7D4-43D5-A58F-F5AD4BC85B55}.Release|Any CPU.Build.0 = Release|Any CPU
	EndGlobalSection
	GlobalSection(SolutionProperties) = preSolution
		HideSolutionNode = FALSE
	EndGlobalSection
	GlobalSection(ExtensibilityGlobals) = postSolution
		SolutionGuid = {3CF0BB76-2FC1-4A54-87C4-00BEDD2A5CEA}
	EndGlobalSection
EndGlobal
